// !$*UTF8*$!
{
	archiveVersion = 1;
	classes = {
	};
	objectVersion = 46;
	objects = {

/* Begin PBXBuildFile section */
		22F648041F3DC18400B40D88 /* main.swift in Sources */ = {isa = PBXBuildFile; fileRef = 22F648001F3DC18400B40D88 /* main.swift */; };
		22F648051F3DC18400B40D88 /* ULogParser.swift in Sources */ = {isa = PBXBuildFile; fileRef = 22F648011F3DC18400B40D88 /* ULogParser.swift */; };
		22F648061F3DC18400B40D88 /* ULogFormat.swift in Sources */ = {isa = PBXBuildFile; fileRef = 22F648021F3DC18400B40D88 /* ULogFormat.swift */; };
		22F648071F3DC18400B40D88 /* ULogMessage.swift in Sources */ = {isa = PBXBuildFile; fileRef = 22F648031F3DC18400B40D88 /* ULogMessage.swift */; };
/* End PBXBuildFile section */

/* Begin PBXCopyFilesBuildPhase section */
		22F647F41F3DC15800B40D88 /* CopyFiles */ = {
			isa = PBXCopyFilesBuildPhase;
			buildActionMask = 2147483647;
			dstPath = /usr/share/man/man1/;
			dstSubfolderSpec = 0;
			files = (
			);
			runOnlyForDeploymentPostprocessing = 1;
		};
/* End PBXCopyFilesBuildPhase section */

/* Begin PBXFileReference section */
		22F647F61F3DC15800B40D88 /* PragmaticULogParser */ = {isa = PBXFileReference; explicitFileType = "compiled.mach-o.executable"; includeInIndex = 0; path = PragmaticULogParser; sourceTree = BUILT_PRODUCTS_DIR; };
		22F648001F3DC18400B40D88 /* main.swift */ = {isa = PBXFileReference; fileEncoding = 4; lastKnownFileType = sourcecode.swift; path = main.swift; sourceTree = "<group>"; };
		22F648011F3DC18400B40D88 /* ULogParser.swift */ = {isa = PBXFileReference; fileEncoding = 4; lastKnownFileType = sourcecode.swift; path = ULogParser.swift; sourceTree = "<group>"; };
		22F648021F3DC18400B40D88 /* ULogFormat.swift */ = {isa = PBXFileReference; fileEncoding = 4; lastKnownFileType = sourcecode.swift; path = ULogFormat.swift; sourceTree = "<group>"; };
		22F648031F3DC18400B40D88 /* ULogMessage.swift */ = {isa = PBXFileReference; fileEncoding = 4; lastKnownFileType = sourcecode.swift; path = ULogMessage.swift; sourceTree = "<group>"; };
/* End PBXFileReference section */

/* Begin PBXFrameworksBuildPhase section */
		22F647F31F3DC15800B40D88 /* Frameworks */ = {
			isa = PBXFrameworksBuildPhase;
			buildActionMask = 2147483647;
			files = (
			);
			runOnlyForDeploymentPostprocessing = 0;
		};
/* End PBXFrameworksBuildPhase section */

/* Begin PBXGroup section */
		22F647ED1F3DC15800B40D88 = {
			isa = PBXGroup;
			children = (
				22F648001F3DC18400B40D88 /* main.swift */,
				22F648011F3DC18400B40D88 /* ULogParser.swift */,
				22F648021F3DC18400B40D88 /* ULogFormat.swift */,
				22F648031F3DC18400B40D88 /* ULogMessage.swift */,
				22F647F81F3DC15800B40D88 /* PragmaticULogParser */,
				22F647F71F3DC15800B40D88 /* Products */,
			);
			sourceTree = "<group>";
		};
		22F647F71F3DC15800B40D88 /* Products */ = {
			isa = PBXGroup;
			children = (
				22F647F61F3DC15800B40D88 /* PragmaticULogParser */,
			);
			name = Products;
			sourceTree = "<group>";
		};
		22F647F81F3DC15800B40D88 /* PragmaticULogParser */ = {
			isa = PBXGroup;
			children = (
			);
			path = PragmaticULogParser;
			sourceTree = "<group>";
		};
/* End PBXGroup section */

/* Begin PBXNativeTarget section */
		22F647F51F3DC15800B40D88 /* PragmaticULogParser */ = {
			isa = PBXNativeTarget;
			buildConfigurationList = 22F647FD1F3DC15800B40D88 /* Build configuration list for PBXNativeTarget "PragmaticULogParser" */;
			buildPhases = (
				22F647F21F3DC15800B40D88 /* Sources */,
				22F647F31F3DC15800B40D88 /* Frameworks */,
				22F647F41F3DC15800B40D88 /* CopyFiles */,
			);
			buildRules = (
			);
			dependencies = (
			);
			name = PragmaticULogParser;
			productName = PragmaticULogParser;
			productReference = 22F647F61F3DC15800B40D88 /* PragmaticULogParser */;
			productType = "com.apple.product-type.tool";
		};
/* End PBXNativeTarget section */

/* Begin PBXProject section */
		22F647EE1F3DC15800B40D88 /* Project object */ = {
			isa = PBXProject;
			attributes = {
				LastSwiftUpdateCheck = 0830;
				LastUpgradeCheck = 0830;
				ORGANIZATIONNAME = KiteX;
				TargetAttributes = {
					22F647F51F3DC15800B40D88 = {
						CreatedOnToolsVersion = 8.3.3;
						DevelopmentTeam = 7DR7SL32UW;
						LastSwiftMigration = 0830;
						ProvisioningStyle = Automatic;
					};
				};
			};
			buildConfigurationList = 22F647F11F3DC15800B40D88 /* Build configuration list for PBXProject "PragmaticULogParser" */;
			compatibilityVersion = "Xcode 3.2";
			developmentRegion = English;
			hasScannedForEncodings = 0;
			knownRegions = (
				en,
			);
			mainGroup = 22F647ED1F3DC15800B40D88;
			productRefGroup = 22F647F71F3DC15800B40D88 /* Products */;
			projectDirPath = "";
			projectRoot = "";
			targets = (
				22F647F51F3DC15800B40D88 /* PragmaticULogParser */,
			);
		};
/* End PBXProject section */

/* Begin PBXSourcesBuildPhase section */
		22F647F21F3DC15800B40D88 /* Sources */ = {
			isa = PBXSourcesBuildPhase;
			buildActionMask = 2147483647;
			files = (
				22F648071F3DC18400B40D88 /* ULogMessage.swift in Sources */,
				22F648041F3DC18400B40D88 /* main.swift in Sources */,
				22F648061F3DC18400B40D88 /* ULogFormat.swift in Sources */,
				22F648051F3DC18400B40D88 /* ULogParser.swift in Sources */,
			);
			runOnlyForDeploymentPostprocessing = 0;
		};
/* End PBXSourcesBuildPhase section */

/* Begin XCBuildConfiguration section */
		22F647FB1F3DC15800B40D88 /* Debug */ = {
			isa = XCBuildConfiguration;
			buildSettings = {
				ALWAYS_SEARCH_USER_PATHS = NO;
				CLANG_ANALYZER_NONNULL = YES;
				CLANG_ANALYZER_NUMBER_OBJECT_CONVERSION = YES_AGGRESSIVE;
				CLANG_CXX_LANGUAGE_STANDARD = "gnu++0x";
				CLANG_CXX_LIBRARY = "libc++";
				CLANG_ENABLE_MODULES = YES;
				CLANG_ENABLE_OBJC_ARC = YES;
				CLANG_WARN_BOOL_CONVERSION = YES;
				CLANG_WARN_CONSTANT_CONVERSION = YES;
				CLANG_WARN_DIRECT_OBJC_ISA_USAGE = YES_ERROR;
				CLANG_WARN_DOCUMENTATION_COMMENTS = YES;
				CLANG_WARN_EMPTY_BODY = YES;
				CLANG_WARN_ENUM_CONVERSION = YES;
				CLANG_WARN_INFINITE_RECURSION = YES;
				CLANG_WARN_INT_CONVERSION = YES;
				CLANG_WARN_OBJC_ROOT_CLASS = YES_ERROR;
				CLANG_WARN_SUSPICIOUS_MOVE = YES;
				CLANG_WARN_UNREACHABLE_CODE = YES;
				CLANG_WARN__DUPLICATE_METHOD_MATCH = YES;
				CODE_SIGN_IDENTITY = "-";
				COPY_PHASE_STRIP = NO;
				DEBUG_INFORMATION_FORMAT = dwarf;
				ENABLE_STRICT_OBJC_MSGSEND = YES;
				ENABLE_TESTABILITY = YES;
				GCC_C_LANGUAGE_STANDARD = gnu99;
				GCC_DYNAMIC_NO_PIC = NO;
				GCC_NO_COMMON_BLOCKS = YES;
				GCC_OPTIMIZATION_LEVEL = 0;
				GCC_PREPROCESSOR_DEFINITIONS = (
					"DEBUG=1",
					"$(inherited)",
				);
				GCC_WARN_64_TO_32_BIT_CONVERSION = YES;
				GCC_WARN_ABOUT_RETURN_TYPE = YES_ERROR;
				GCC_WARN_UNDECLARED_SELECTOR = YES;
				GCC_WARN_UNINITIALIZED_AUTOS = YES_AGGRESSIVE;
				GCC_WARN_UNUSED_FUNCTION = YES;
				GCC_WARN_UNUSED_VARIABLE = YES;
				MACOSX_DEPLOYMENT_TARGET = 10.12;
				MTL_ENABLE_DEBUG_INFO = YES;
				ONLY_ACTIVE_ARCH = YES;
				SDKROOT = macosx;
				SWIFT_OPTIMIZATION_LEVEL = "-Onone";
			};
			name = Debug;
		};
		22F647FC1F3DC15800B40D88 /* Release */ = {
			isa = XCBuildConfiguration;
			buildSettings = {
				ALWAYS_SEARCH_USER_PATHS = NO;
				CLANG_ANALYZER_NONNULL = YES;
				CLANG_ANALYZER_NUMBER_OBJECT_CONVERSION = YES_AGGRESSIVE;
				CLANG_CXX_LANGUAGE_STANDARD = "gnu++0x";
				CLANG_CXX_LIBRARY = "libc++";
				CLANG_ENABLE_MODULES = YES;
				CLANG_ENABLE_OBJC_ARC = YES;
				CLANG_WARN_BOOL_CONVERSION = YES;
				CLANG_WARN_CONSTANT_CONVERSION = YES;
				CLANG_WARN_DIRECT_OBJC_ISA_USAGE = YES_ERROR;
				CLANG_WARN_DOCUMENTATION_COMMENTS = YES;
				CLANG_WARN_EMPTY_BODY = YES;
				CLANG_WARN_ENUM_CONVERSION = YES;
				CLANG_WARN_INFINITE_RECURSION = YES;
				CLANG_WARN_INT_CONVERSION = YES;
				CLANG_WARN_OBJC_ROOT_CLASS = YES_ERROR;
				CLANG_WARN_SUSPICIOUS_MOVE = YES;
				CLANG_WARN_UNREACHABLE_CODE = YES;
				CLANG_WARN__DUPLICATE_METHOD_MATCH = YES;
				CODE_SIGN_IDENTITY = "-";
				COPY_PHASE_STRIP = NO;
				DEBUG_INFORMATION_FORMAT = "dwarf-with-dsym";
				ENABLE_NS_ASSERTIONS = NO;
				ENABLE_STRICT_OBJC_MSGSEND = YES;
				GCC_C_LANGUAGE_STANDARD = gnu99;
				GCC_NO_COMMON_BLOCKS = YES;
				GCC_WARN_64_TO_32_BIT_CONVERSION = YES;
				GCC_WARN_ABOUT_RETURN_TYPE = YES_ERROR;
				GCC_WARN_UNDECLARED_SELECTOR = YES;
				GCC_WARN_UNINITIALIZED_AUTOS = YES_AGGRESSIVE;
				GCC_WARN_UNUSED_FUNCTION = YES;
				GCC_WARN_UNUSED_VARIABLE = YES;
				MACOSX_DEPLOYMENT_TARGET = 10.12;
				MTL_ENABLE_DEBUG_INFO = NO;
				SDKROOT = macosx;
			};
			name = Release;
		};
		22F647FE1F3DC15800B40D88 /* Debug */ = {
			isa = XCBuildConfiguration;
			buildSettings = {
				CLANG_ENABLE_MODULES = YES;
				DEVELOPMENT_TEAM = 7DR7SL32UW;
				LD_RUNPATH_SEARCH_PATHS = "$(inherited) @executable_path/../Frameworks @loader_path/../Frameworks";
				PRODUCT_NAME = "$(TARGET_NAME)";
				SWIFT_OPTIMIZATION_LEVEL = "-Onone";
				SWIFT_VERSION = 3.0;
			};
			name = Debug;
		};
		22F647FF1F3DC15800B40D88 /* Release */ = {
			isa = XCBuildConfiguration;
			buildSettings = {
				CLANG_ENABLE_MODULES = YES;
				DEVELOPMENT_TEAM = 7DR7SL32UW;
				LD_RUNPATH_SEARCH_PATHS = "$(inherited) @executable_path/../Frameworks @loader_path/../Frameworks";
				PRODUCT_NAME = "$(TARGET_NAME)";
				SWIFT_VERSION = 3.0;
			};
			name = Release;
		};
/* End XCBuildConfiguration section */

/* Begin XCConfigurationList section */
		22F647F11F3DC15800B40D88 /* Build configuration list for PBXProject "PragmaticULogParser" */ = {
			isa = XCConfigurationList;
			buildConfigurations = (
				22F647FB1F3DC15800B40D88 /* Debug */,
				22F647FC1F3DC15800B40D88 /* Release */,
			);
			defaultConfigurationIsVisible = 0;
			defaultConfigurationName = Release;
		};
		22F647FD1F3DC15800B40D88 /* Build configuration list for PBXNativeTarget "PragmaticULogParser" */ = {
			isa = XCConfigurationList;
			buildConfigurations = (
				22F647FE1F3DC15800B40D88 /* Debug */,
				22F647FF1F3DC15800B40D88 /* Release */,
			);
			defaultConfigurationIsVisible = 0;
		};
/* End XCConfigurationList section */
	};
	rootObject = 22F647EE1F3DC15800B40D88 /* Project object */;
}
